
Microsoft Visual Studio Solution File, Format Version 12.00
# Visual Studio Version 17
VisualStudioVersion = 17.3.32922.545
MinimumVisualStudioVersion = 10.0.40219.1
Project("{FAE04EC0-301F-11D3-BF4B-00C04F79EFBC}") = "UnitOfShop", "UnitOfShop\UnitOfShop.csproj", "{213BE4B8-AD97-46D6-A617-8B32B9115B4C}"
EndProject
Global
	GlobalSection(SolutionConfigurationPlatforms) = preSolution
		Debug|Any CPU = Debug|Any CPU
		Release|Any CPU = Release|Any CPU
	EndGlobalSection
	GlobalSection(ProjectConfigurationPlatforms) = postSolution
		{213BE4B8-AD97-46D6-A617-8B32B9115B4C}.Debug|Any CPU.ActiveCfg = Debug|Any CPU
		{213BE4B8-AD97-46D6-A617-8B32B9115B4C}.Debug|Any CPU.Build.0 = Debug|Any CPU
		{213BE4B8-AD97-46D6-A617-8B32B9115B4C}.Release|Any CPU.ActiveCfg = Release|Any CPU
		{213BE4B8-AD97-46D6-A617-8B32B9115B4C}.Release|Any CPU.Build.0 = Release|Any CPU
	EndGlobalSection
	GlobalSection(SolutionProperties) = preSolution
		HideSolutionNode = FALSE
	EndGlobalSection
	GlobalSection(ExtensibilityGlobals) = postSolution
		SolutionGuid = {C5542CA1-F435-4A00-B49E-9A6F6EC27978}
	EndGlobalSection
EndGlobal
